{
  "requires": true,
  "lockfileVersion": 1,
  "dependencies": {
    "git": {
      "version": "0.1.5",
      "resolved": "https://registry.npmjs.org/git/-/git-0.1.5.tgz",
      "integrity": "sha1-nvYt+T+FHCdUIUO/UtHGixAXyhU=",
      "requires": {
        "mime": "1.2.9"
      }
    },
    "mime": {
      "version": "1.2.9",
      "resolved": "https://registry.npmjs.org/mime/-/mime-1.2.9.tgz",
      "integrity": "sha1-AJzUCGe9Nd5SGzuWbwTi+NTRPQk="
    },
    "now": {
      "version": "13.1.2",
      "resolved": "https://registry.npmjs.org/now/-/now-13.1.2.tgz",
      "integrity": "sha512-v6K4141Zcw/EsEC88uQ8DusP5LnbLIYFEblpH9BiQXCx4s4qmk56xxT7AXRCFBMtUFTX0hF8Bd2rqWGs0HzjAQ=="
    }
  }
}
